
Microsoft Visual Studio Solution File, Format Version 12.00
# Visual Studio Version 17
VisualStudioVersion = 17.0.31903.59
MinimumVisualStudioVersion = 10.0.40219.1
Project("{2150E333-8FDC-42A3-9474-1A3956D46DE8}") = "src", "src", "{9334BF58-C97A-4E79-8B09-A49CAB62F1DF}"
EndProject
Project("{2150E333-8FDC-42A3-9474-1A3956D46DE8}") = "Core", "Core", "{BBC48F1C-A9BD-4CA8-9885-CAE5800193C5}"
EndProject
Project("{9A19103F-16F7-4668-BE54-9A1E7A4F7556}") = "Ergonaut.Core", "src\Ergonaut.Core\Ergonaut.Core.csproj", "{593BD800-1C68-4396-A9AB-9709B11B3B95}"
EndProject
Project("{FAE04EC0-301F-11D3-BF4B-00C04F79EFBC}") = "Ergonaut.UI", "src\Ergonaut.UI\Ergonaut.UI.csproj", "{F3C8CADA-6584-44DF-A288-2C39FFB81142}"
EndProject
Project("{FAE04EC0-301F-11D3-BF4B-00C04F79EFBC}") = "Ergonaut.Infrastructure", "src\Ergonaut.Infrastructure\Ergonaut.Infrastructure.csproj", "{457BC775-CEA4-477A-91D8-191F548F2A02}"
EndProject
Project("{FAE04EC0-301F-11D3-BF4B-00C04F79EFBC}") = "Ergonaut.Api", "src\Ergonaut.Api\Ergonaut.Api.csproj", "{3900CCE1-DF3F-45EC-9B82-CA9B8D2B87B0}"
EndProject
Project("{FAE04EC0-301F-11D3-BF4B-00C04F79EFBC}") = "Ergonaut.App", "src\Ergonaut.App\Ergonaut.App.csproj", "{16FBF7B8-A205-41A7-8B75-AC3AF36E2FD2}"
EndProject
Project("{2150E333-8FDC-42A3-9474-1A3956D46DE8}") = "tests", "tests", "{0AB3BF05-4346-4AA6-1389-037BE0695223}"
EndProject
Project("{FAE04EC0-301F-11D3-BF4B-00C04F79EFBC}") = "Ergonaut.ArchTests", "tests\Ergonaut.ArchTests\Ergonaut.ArchTests.csproj", "{A1B32162-78F0-4D2C-B62C-62A9F5CA487D}"
EndProject
Project("{FAE04EC0-301F-11D3-BF4B-00C04F79EFBC}") = "Ergonaut.App.Tests", "tests\Ergonaut.App.Tests\Ergonaut.App.Tests.csproj", "{BB1BBFD9-D478-47C3-96C6-23692C17EC5A}"
EndProject
Project("{FAE04EC0-301F-11D3-BF4B-00C04F79EFBC}") = "Ergonaut.Api.Tests", "tests\Ergonaut.Api.Tests\Ergonaut.Api.Tests.csproj", "{95E6B441-5B62-474D-A59B-41185580EF2B}"
EndProject
Project("{FAE04EC0-301F-11D3-BF4B-00C04F79EFBC}") = "Ergonaut.Sentinel", "src\Ergonaut.Sentinel\Ergonaut.Sentinel.csproj", "{6EB1D508-1025-4B45-8EC1-B51150D6B247}"
EndProject
Global
	GlobalSection(SolutionConfigurationPlatforms) = preSolution
		Debug|Any CPU = Debug|Any CPU
		Debug|x64 = Debug|x64
		Debug|x86 = Debug|x86
		Release|Any CPU = Release|Any CPU
		Release|x64 = Release|x64
		Release|x86 = Release|x86
	EndGlobalSection
	GlobalSection(ProjectConfigurationPlatforms) = postSolution
		{593BD800-1C68-4396-A9AB-9709B11B3B95}.Debug|Any CPU.ActiveCfg = Debug|Any CPU
		{593BD800-1C68-4396-A9AB-9709B11B3B95}.Debug|Any CPU.Build.0 = Debug|Any CPU
		{593BD800-1C68-4396-A9AB-9709B11B3B95}.Debug|x64.ActiveCfg = Debug|Any CPU
		{593BD800-1C68-4396-A9AB-9709B11B3B95}.Debug|x64.Build.0 = Debug|Any CPU
		{593BD800-1C68-4396-A9AB-9709B11B3B95}.Debug|x86.ActiveCfg = Debug|Any CPU
		{593BD800-1C68-4396-A9AB-9709B11B3B95}.Debug|x86.Build.0 = Debug|Any CPU
		{593BD800-1C68-4396-A9AB-9709B11B3B95}.Release|Any CPU.ActiveCfg = Release|Any CPU
		{593BD800-1C68-4396-A9AB-9709B11B3B95}.Release|Any CPU.Build.0 = Release|Any CPU
		{593BD800-1C68-4396-A9AB-9709B11B3B95}.Release|x64.ActiveCfg = Release|Any CPU
		{593BD800-1C68-4396-A9AB-9709B11B3B95}.Release|x64.Build.0 = Release|Any CPU
		{593BD800-1C68-4396-A9AB-9709B11B3B95}.Release|x86.ActiveCfg = Release|Any CPU
		{593BD800-1C68-4396-A9AB-9709B11B3B95}.Release|x86.Build.0 = Release|Any CPU
		{F3C8CADA-6584-44DF-A288-2C39FFB81142}.Debug|Any CPU.ActiveCfg = Debug|Any CPU
		{F3C8CADA-6584-44DF-A288-2C39FFB81142}.Debug|Any CPU.Build.0 = Debug|Any CPU
		{F3C8CADA-6584-44DF-A288-2C39FFB81142}.Debug|x64.ActiveCfg = Debug|Any CPU
		{F3C8CADA-6584-44DF-A288-2C39FFB81142}.Debug|x64.Build.0 = Debug|Any CPU
		{F3C8CADA-6584-44DF-A288-2C39FFB81142}.Debug|x86.ActiveCfg = Debug|Any CPU
		{F3C8CADA-6584-44DF-A288-2C39FFB81142}.Debug|x86.Build.0 = Debug|Any CPU
		{F3C8CADA-6584-44DF-A288-2C39FFB81142}.Release|Any CPU.ActiveCfg = Release|Any CPU
		{F3C8CADA-6584-44DF-A288-2C39FFB81142}.Release|Any CPU.Build.0 = Release|Any CPU
		{F3C8CADA-6584-44DF-A288-2C39FFB81142}.Release|x64.ActiveCfg = Release|Any CPU
		{F3C8CADA-6584-44DF-A288-2C39FFB81142}.Release|x64.Build.0 = Release|Any CPU
		{F3C8CADA-6584-44DF-A288-2C39FFB81142}.Release|x86.ActiveCfg = Release|Any CPU
		{F3C8CADA-6584-44DF-A288-2C39FFB81142}.Release|x86.Build.0 = Release|Any CPU
		{457BC775-CEA4-477A-91D8-191F548F2A02}.Debug|Any CPU.ActiveCfg = Debug|Any CPU
		{457BC775-CEA4-477A-91D8-191F548F2A02}.Debug|Any CPU.Build.0 = Debug|Any CPU
		{457BC775-CEA4-477A-91D8-191F548F2A02}.Debug|x64.ActiveCfg = Debug|Any CPU
		{457BC775-CEA4-477A-91D8-191F548F2A02}.Debug|x64.Build.0 = Debug|Any CPU
		{457BC775-CEA4-477A-91D8-191F548F2A02}.Debug|x86.ActiveCfg = Debug|Any CPU
		{457BC775-CEA4-477A-91D8-191F548F2A02}.Debug|x86.Build.0 = Debug|Any CPU
		{457BC775-CEA4-477A-91D8-191F548F2A02}.Release|Any CPU.ActiveCfg = Release|Any CPU
		{457BC775-CEA4-477A-91D8-191F548F2A02}.Release|Any CPU.Build.0 = Release|Any CPU
		{457BC775-CEA4-477A-91D8-191F548F2A02}.Release|x64.ActiveCfg = Release|Any CPU
		{457BC775-CEA4-477A-91D8-191F548F2A02}.Release|x64.Build.0 = Release|Any CPU
		{457BC775-CEA4-477A-91D8-191F548F2A02}.Release|x86.ActiveCfg = Release|Any CPU
		{457BC775-CEA4-477A-91D8-191F548F2A02}.Release|x86.Build.0 = Release|Any CPU
		{3900CCE1-DF3F-45EC-9B82-CA9B8D2B87B0}.Debug|Any CPU.ActiveCfg = Debug|Any CPU
		{3900CCE1-DF3F-45EC-9B82-CA9B8D2B87B0}.Debug|Any CPU.Build.0 = Debug|Any CPU
		{3900CCE1-DF3F-45EC-9B82-CA9B8D2B87B0}.Debug|x64.ActiveCfg = Debug|Any CPU
		{3900CCE1-DF3F-45EC-9B82-CA9B8D2B87B0}.Debug|x64.Build.0 = Debug|Any CPU
		{3900CCE1-DF3F-45EC-9B82-CA9B8D2B87B0}.Debug|x86.ActiveCfg = Debug|Any CPU
		{3900CCE1-DF3F-45EC-9B82-CA9B8D2B87B0}.Debug|x86.Build.0 = Debug|Any CPU
		{3900CCE1-DF3F-45EC-9B82-CA9B8D2B87B0}.Release|Any CPU.ActiveCfg = Release|Any CPU
		{3900CCE1-DF3F-45EC-9B82-CA9B8D2B87B0}.Release|Any CPU.Build.0 = Release|Any CPU
		{3900CCE1-DF3F-45EC-9B82-CA9B8D2B87B0}.Release|x64.ActiveCfg = Release|Any CPU
		{3900CCE1-DF3F-45EC-9B82-CA9B8D2B87B0}.Release|x64.Build.0 = Release|Any CPU
		{3900CCE1-DF3F-45EC-9B82-CA9B8D2B87B0}.Release|x86.ActiveCfg = Release|Any CPU
		{3900CCE1-DF3F-45EC-9B82-CA9B8D2B87B0}.Release|x86.Build.0 = Release|Any CPU
		{16FBF7B8-A205-41A7-8B75-AC3AF36E2FD2}.Debug|Any CPU.ActiveCfg = Debug|Any CPU
		{16FBF7B8-A205-41A7-8B75-AC3AF36E2FD2}.Debug|Any CPU.Build.0 = Debug|Any CPU
		{16FBF7B8-A205-41A7-8B75-AC3AF36E2FD2}.Debug|x64.ActiveCfg = Debug|Any CPU
		{16FBF7B8-A205-41A7-8B75-AC3AF36E2FD2}.Debug|x64.Build.0 = Debug|Any CPU
		{16FBF7B8-A205-41A7-8B75-AC3AF36E2FD2}.Debug|x86.ActiveCfg = Debug|Any CPU
		{16FBF7B8-A205-41A7-8B75-AC3AF36E2FD2}.Debug|x86.Build.0 = Debug|Any CPU
		{16FBF7B8-A205-41A7-8B75-AC3AF36E2FD2}.Release|Any CPU.ActiveCfg = Release|Any CPU
		{16FBF7B8-A205-41A7-8B75-AC3AF36E2FD2}.Release|Any CPU.Build.0 = Release|Any CPU
		{16FBF7B8-A205-41A7-8B75-AC3AF36E2FD2}.Release|x64.ActiveCfg = Release|Any CPU
		{16FBF7B8-A205-41A7-8B75-AC3AF36E2FD2}.Release|x64.Build.0 = Release|Any CPU
		{16FBF7B8-A205-41A7-8B75-AC3AF36E2FD2}.Release|x86.ActiveCfg = Release|Any CPU
		{16FBF7B8-A205-41A7-8B75-AC3AF36E2FD2}.Release|x86.Build.0 = Release|Any CPU
		{A1B32162-78F0-4D2C-B62C-62A9F5CA487D}.Debug|Any CPU.ActiveCfg = Debug|Any CPU
		{A1B32162-78F0-4D2C-B62C-62A9F5CA487D}.Debug|Any CPU.Build.0 = Debug|Any CPU
		{A1B32162-78F0-4D2C-B62C-62A9F5CA487D}.Debug|x64.ActiveCfg = Debug|Any CPU
		{A1B32162-78F0-4D2C-B62C-62A9F5CA487D}.Debug|x64.Build.0 = Debug|Any CPU
		{A1B32162-78F0-4D2C-B62C-62A9F5CA487D}.Debug|x86.ActiveCfg = Debug|Any CPU
		{A1B32162-78F0-4D2C-B62C-62A9F5CA487D}.Debug|x86.Build.0 = Debug|Any CPU
		{A1B32162-78F0-4D2C-B62C-62A9F5CA487D}.Release|Any CPU.ActiveCfg = Release|Any CPU
		{A1B32162-78F0-4D2C-B62C-62A9F5CA487D}.Release|Any CPU.Build.0 = Release|Any CPU
		{A1B32162-78F0-4D2C-B62C-62A9F5CA487D}.Release|x64.ActiveCfg = Release|Any CPU
		{A1B32162-78F0-4D2C-B62C-62A9F5CA487D}.Release|x64.Build.0 = Release|Any CPU
		{A1B32162-78F0-4D2C-B62C-62A9F5CA487D}.Release|x86.ActiveCfg = Release|Any CPU
		{A1B32162-78F0-4D2C-B62C-62A9F5CA487D}.Release|x86.Build.0 = Release|Any CPU
		{BB1BBFD9-D478-47C3-96C6-23692C17EC5A}.Debug|Any CPU.ActiveCfg = Debug|Any CPU
		{BB1BBFD9-D478-47C3-96C6-23692C17EC5A}.Debug|Any CPU.Build.0 = Debug|Any CPU
		{BB1BBFD9-D478-47C3-96C6-23692C17EC5A}.Debug|x64.ActiveCfg = Debug|Any CPU
		{BB1BBFD9-D478-47C3-96C6-23692C17EC5A}.Debug|x64.Build.0 = Debug|Any CPU
		{BB1BBFD9-D478-47C3-96C6-23692C17EC5A}.Debug|x86.ActiveCfg = Debug|Any CPU
		{BB1BBFD9-D478-47C3-96C6-23692C17EC5A}.Debug|x86.Build.0 = Debug|Any CPU
		{BB1BBFD9-D478-47C3-96C6-23692C17EC5A}.Release|Any CPU.ActiveCfg = Release|Any CPU
		{BB1BBFD9-D478-47C3-96C6-23692C17EC5A}.Release|Any CPU.Build.0 = Release|Any CPU
		{BB1BBFD9-D478-47C3-96C6-23692C17EC5A}.Release|x64.ActiveCfg = Release|Any CPU
		{BB1BBFD9-D478-47C3-96C6-23692C17EC5A}.Release|x64.Build.0 = Release|Any CPU
		{BB1BBFD9-D478-47C3-96C6-23692C17EC5A}.Release|x86.ActiveCfg = Release|Any CPU
		{BB1BBFD9-D478-47C3-96C6-23692C17EC5A}.Release|x86.Build.0 = Release|Any CPU
		{95E6B441-5B62-474D-A59B-41185580EF2B}.Debug|Any CPU.ActiveCfg = Debug|Any CPU
		{95E6B441-5B62-474D-A59B-41185580EF2B}.Debug|Any CPU.Build.0 = Debug|Any CPU
		{95E6B441-5B62-474D-A59B-41185580EF2B}.Debug|x64.ActiveCfg = Debug|Any CPU
		{95E6B441-5B62-474D-A59B-41185580EF2B}.Debug|x64.Build.0 = Debug|Any CPU
		{95E6B441-5B62-474D-A59B-41185580EF2B}.Debug|x86.ActiveCfg = Debug|Any CPU
		{95E6B441-5B62-474D-A59B-41185580EF2B}.Debug|x86.Build.0 = Debug|Any CPU
		{95E6B441-5B62-474D-A59B-41185580EF2B}.Release|Any CPU.ActiveCfg = Release|Any CPU
		{95E6B441-5B62-474D-A59B-41185580EF2B}.Release|Any CPU.Build.0 = Release|Any CPU
		{95E6B441-5B62-474D-A59B-41185580EF2B}.Release|x64.ActiveCfg = Release|Any CPU
		{95E6B441-5B62-474D-A59B-41185580EF2B}.Release|x64.Build.0 = Release|Any CPU
		{95E6B441-5B62-474D-A59B-41185580EF2B}.Release|x86.ActiveCfg = Release|Any CPU
		{95E6B441-5B62-474D-A59B-41185580EF2B}.Release|x86.Build.0 = Release|Any CPU
		{6EB1D508-1025-4B45-8EC1-B51150D6B247}.Debug|Any CPU.ActiveCfg = Debug|Any CPU
		{6EB1D508-1025-4B45-8EC1-B51150D6B247}.Debug|Any CPU.Build.0 = Debug|Any CPU
		{6EB1D508-1025-4B45-8EC1-B51150D6B247}.Debug|x64.ActiveCfg = Debug|Any CPU
		{6EB1D508-1025-4B45-8EC1-B51150D6B247}.Debug|x64.Build.0 = Debug|Any CPU
		{6EB1D508-1025-4B45-8EC1-B51150D6B247}.Debug|x86.ActiveCfg = Debug|Any CPU
		{6EB1D508-1025-4B45-8EC1-B51150D6B247}.Debug|x86.Build.0 = Debug|Any CPU
		{6EB1D508-1025-4B45-8EC1-B51150D6B247}.Release|Any CPU.ActiveCfg = Release|Any CPU
		{6EB1D508-1025-4B45-8EC1-B51150D6B247}.Release|Any CPU.Build.0 = Release|Any CPU
		{6EB1D508-1025-4B45-8EC1-B51150D6B247}.Release|x64.ActiveCfg = Release|Any CPU
		{6EB1D508-1025-4B45-8EC1-B51150D6B247}.Release|x64.Build.0 = Release|Any CPU
		{6EB1D508-1025-4B45-8EC1-B51150D6B247}.Release|x86.ActiveCfg = Release|Any CPU
		{6EB1D508-1025-4B45-8EC1-B51150D6B247}.Release|x86.Build.0 = Release|Any CPU
	EndGlobalSection
	GlobalSection(SolutionProperties) = preSolution
		HideSolutionNode = FALSE
	EndGlobalSection
	GlobalSection(NestedProjects) = preSolution
		{BBC48F1C-A9BD-4CA8-9885-CAE5800193C5} = {9334BF58-C97A-4E79-8B09-A49CAB62F1DF}
		{593BD800-1C68-4396-A9AB-9709B11B3B95} = {BBC48F1C-A9BD-4CA8-9885-CAE5800193C5}
		{F3C8CADA-6584-44DF-A288-2C39FFB81142} = {9334BF58-C97A-4E79-8B09-A49CAB62F1DF}
		{457BC775-CEA4-477A-91D8-191F548F2A02} = {9334BF58-C97A-4E79-8B09-A49CAB62F1DF}
		{3900CCE1-DF3F-45EC-9B82-CA9B8D2B87B0} = {9334BF58-C97A-4E79-8B09-A49CAB62F1DF}
		{16FBF7B8-A205-41A7-8B75-AC3AF36E2FD2} = {9334BF58-C97A-4E79-8B09-A49CAB62F1DF}
		{A1B32162-78F0-4D2C-B62C-62A9F5CA487D} = {0AB3BF05-4346-4AA6-1389-037BE0695223}
		{BB1BBFD9-D478-47C3-96C6-23692C17EC5A} = {0AB3BF05-4346-4AA6-1389-037BE0695223}
		{95E6B441-5B62-474D-A59B-41185580EF2B} = {0AB3BF05-4346-4AA6-1389-037BE0695223}
		{6EB1D508-1025-4B45-8EC1-B51150D6B247} = {9334BF58-C97A-4E79-8B09-A49CAB62F1DF}
	EndGlobalSection
EndGlobal
